// !$*UTF8*$!
{
	archiveVersion = 1;
	classes = {
	};
	objectVersion = 46;
	objects = {

/* Begin PBXBuildFile section */
		3410BAC71C71B480000A3957 /* EditCharacterProfileVC.swift in Sources */ = {isa = PBXBuildFile; fileRef = 3410BAC61C71B480000A3957 /* EditCharacterProfileVC.swift */; };
		341956511C51714200F1810B /* AllListsTableVC.swift in Sources */ = {isa = PBXBuildFile; fileRef = 341956501C51714200F1810B /* AllListsTableVC.swift */; };
		341F9DD91C6C449E007226AD /* MarqueeTextView.swift in Sources */ = {isa = PBXBuildFile; fileRef = 341F9DD81C6C449E007226AD /* MarqueeTextView.swift */; };
		343D23741C5F391E00D8AD8F /* Schema.xcdatamodeld in Sources */ = {isa = PBXBuildFile; fileRef = 343D23721C5F391E00D8AD8F /* Schema.xcdatamodeld */; };
		345997E41C4E04C30025D178 /* ListsTableDataSource.swift in Sources */ = {isa = PBXBuildFile; fileRef = 345997E31C4E04C30025D178 /* ListsTableDataSource.swift */; };
		345AA2131C55F46300B8E878 /* BooksTableDataSource.swift in Sources */ = {isa = PBXBuildFile; fileRef = 345AA2121C55F46300B8E878 /* BooksTableDataSource.swift */; };
		346A77D91C7EC03B00B8028E /* SearchResultsTableVC.swift in Sources */ = {isa = PBXBuildFile; fileRef = 346A77D81C7EC03B00B8028E /* SearchResultsTableVC.swift */; };
		346ACA0B1C5315420063F071 /* BookListTableVC.swift in Sources */ = {isa = PBXBuildFile; fileRef = 346ACA0A1C5315420063F071 /* BookListTableVC.swift */; };
		346C8B9E1C5FFC9900FFB8EB /* CNList+CoreDataProperties.swift in Sources */ = {isa = PBXBuildFile; fileRef = 346C8B901C5FFC9900FFB8EB /* CNList+CoreDataProperties.swift */; };
		346C8B9F1C5FFC9900FFB8EB /* CNList.swift in Sources */ = {isa = PBXBuildFile; fileRef = 346C8B911C5FFC9900FFB8EB /* CNList.swift */; };
		346C8BA01C5FFC9900FFB8EB /* CNHeading+CoreDataProperties.swift in Sources */ = {isa = PBXBuildFile; fileRef = 346C8B921C5FFC9900FFB8EB /* CNHeading+CoreDataProperties.swift */; };
		346C8BA11C5FFC9900FFB8EB /* CNHeading.swift in Sources */ = {isa = PBXBuildFile; fileRef = 346C8B931C5FFC9900FFB8EB /* CNHeading.swift */; };
		346C8BA21C5FFC9900FFB8EB /* CNBook+CoreDataProperties.swift in Sources */ = {isa = PBXBuildFile; fileRef = 346C8B941C5FFC9900FFB8EB /* CNBook+CoreDataProperties.swift */; };
		346C8BA31C5FFC9900FFB8EB /* CNBook.swift in Sources */ = {isa = PBXBuildFile; fileRef = 346C8B951C5FFC9900FFB8EB /* CNBook.swift */; };
		346C8BA41C5FFC9900FFB8EB /* CNGroup+CoreDataProperties.swift in Sources */ = {isa = PBXBuildFile; fileRef = 346C8B961C5FFC9900FFB8EB /* CNGroup+CoreDataProperties.swift */; };
		346C8BA51C5FFC9900FFB8EB /* CNGroup.swift in Sources */ = {isa = PBXBuildFile; fileRef = 346C8B971C5FFC9900FFB8EB /* CNGroup.swift */; };
		346C8BA61C5FFC9900FFB8EB /* CNAuthor+CoreDataProperties.swift in Sources */ = {isa = PBXBuildFile; fileRef = 346C8B981C5FFC9900FFB8EB /* CNAuthor+CoreDataProperties.swift */; };
		346C8BA71C5FFC9900FFB8EB /* CNAuthor.swift in Sources */ = {isa = PBXBuildFile; fileRef = 346C8B991C5FFC9900FFB8EB /* CNAuthor.swift */; };
		346C8BA81C5FFC9900FFB8EB /* CNCharacter+CoreDataProperties.swift in Sources */ = {isa = PBXBuildFile; fileRef = 346C8B9A1C5FFC9900FFB8EB /* CNCharacter+CoreDataProperties.swift */; };
		346C8BA91C5FFC9900FFB8EB /* CNCharacter.swift in Sources */ = {isa = PBXBuildFile; fileRef = 346C8B9B1C5FFC9900FFB8EB /* CNCharacter.swift */; };
		346C8BAA1C5FFC9900FFB8EB /* CNQuotation+CoreDataProperties.swift in Sources */ = {isa = PBXBuildFile; fileRef = 346C8B9C1C5FFC9900FFB8EB /* CNQuotation+CoreDataProperties.swift */; };
		346C8BAB1C5FFC9900FFB8EB /* CNQuotation.swift in Sources */ = {isa = PBXBuildFile; fileRef = 346C8B9D1C5FFC9900FFB8EB /* CNQuotation.swift */; };
		34777F641C76AD4000D6217B /* BookInfoVC.swift in Sources */ = {isa = PBXBuildFile; fileRef = 34777F631C76AD4000D6217B /* BookInfoVC.swift */; };
		347D11191C752B1E00E35289 /* CNProfile+CoreDataProperties.swift in Sources */ = {isa = PBXBuildFile; fileRef = 347D11171C752B1E00E35289 /* CNProfile+CoreDataProperties.swift */; };
		347D111A1C752B1E00E35289 /* CNProfile.swift in Sources */ = {isa = PBXBuildFile; fileRef = 347D11181C752B1E00E35289 /* CNProfile.swift */; };
		34805E951C8909DF00FBAF39 /* BookTabBarController.swift in Sources */ = {isa = PBXBuildFile; fileRef = 34805E941C8909DF00FBAF39 /* BookTabBarController.swift */; };
		348ACD791C4CDE0F001659A5 /* AppDelegate.swift in Sources */ = {isa = PBXBuildFile; fileRef = 348ACD781C4CDE0F001659A5 /* AppDelegate.swift */; };
		348ACD801C4CDE0F001659A5 /* Main.storyboard in Resources */ = {isa = PBXBuildFile; fileRef = 348ACD7E1C4CDE0F001659A5 /* Main.storyboard */; };
		348ACD821C4CDE0F001659A5 /* Assets.xcassets in Resources */ = {isa = PBXBuildFile; fileRef = 348ACD811C4CDE0F001659A5 /* Assets.xcassets */; };
		348ACD851C4CDE0F001659A5 /* LaunchScreen.storyboard in Resources */ = {isa = PBXBuildFile; fileRef = 348ACD831C4CDE0F001659A5 /* LaunchScreen.storyboard */; };
		348ACD901C4CDE0F001659A5 /* CharacterNotesTests.swift in Sources */ = {isa = PBXBuildFile; fileRef = 348ACD8F1C4CDE0F001659A5 /* CharacterNotesTests.swift */; };
		348ACD9B1C4CDE10001659A5 /* CharacterNotesUITests.swift in Sources */ = {isa = PBXBuildFile; fileRef = 348ACD9A1C4CDE10001659A5 /* CharacterNotesUITests.swift */; };
		34943C631C56DC77008717C8 /* NavController.swift in Sources */ = {isa = PBXBuildFile; fileRef = 34943C621C56DC77008717C8 /* NavController.swift */; };
		34979A201C7296310065CC75 /* SummaryInfoController.swift in Sources */ = {isa = PBXBuildFile; fileRef = 34979A1F1C7296310065CC75 /* SummaryInfoController.swift */; };
		349AE7331C740AD700D4BCD2 /* CNLocation+CoreDataProperties.swift in Sources */ = {isa = PBXBuildFile; fileRef = 349AE7311C740AD700D4BCD2 /* CNLocation+CoreDataProperties.swift */; };
		349AE7341C740AD700D4BCD2 /* CNLocation.swift in Sources */ = {isa = PBXBuildFile; fileRef = 349AE7321C740AD700D4BCD2 /* CNLocation.swift */; };
		34AA39E61C606FCB006536AB /* ListFetchController.swift in Sources */ = {isa = PBXBuildFile; fileRef = 34AA39E51C606FCB006536AB /* ListFetchController.swift */; };
		34AA39E81C607781006536AB /* Logger.swift in Sources */ = {isa = PBXBuildFile; fileRef = 34AA39E71C607781006536AB /* Logger.swift */; };
		34BFD4F91C6C628B00F4E5F5 /* CharacterProfileTableVC.swift in Sources */ = {isa = PBXBuildFile; fileRef = 34BFD4F81C6C628B00F4E5F5 /* CharacterProfileTableVC.swift */; };
		34D466341C520FEC00432C97 /* BookFetchController.swift in Sources */ = {isa = PBXBuildFile; fileRef = 34D466331C520FEC00432C97 /* BookFetchController.swift */; };
		34DB60C91C7C543E005758E2 /* MapViewController.swift in Sources */ = {isa = PBXBuildFile; fileRef = 34DB60C81C7C543E005758E2 /* MapViewController.swift */; };
		34E2DF1E1C7CF647008321F0 /* MapHelper.swift in Sources */ = {isa = PBXBuildFile; fileRef = 34E2DF1D1C7CF647008321F0 /* MapHelper.swift */; };
		34EBCE171C6BF9AE0043BCD9 /* ProfileView.swift in Sources */ = {isa = PBXBuildFile; fileRef = 34EBCE161C6BF9AE0043BCD9 /* ProfileView.swift */; };
		34F2DCD11C7DB2F60091C3BB /* ContinentsPickerDataSource.swift in Sources */ = {isa = PBXBuildFile; fileRef = 34F2DCD01C7DB2F60091C3BB /* ContinentsPickerDataSource.swift */; };
/* End PBXBuildFile section */

/* Begin PBXContainerItemProxy section */
		348ACD8C1C4CDE0F001659A5 /* PBXContainerItemProxy */ = {
			isa = PBXContainerItemProxy;
			containerPortal = 348ACD6D1C4CDE0F001659A5 /* Project object */;
			proxyType = 1;
			remoteGlobalIDString = 348ACD741C4CDE0F001659A5;
			remoteInfo = CharacterNotes;
		};
		348ACD971C4CDE10001659A5 /* PBXContainerItemProxy */ = {
			isa = PBXContainerItemProxy;
			containerPortal = 348ACD6D1C4CDE0F001659A5 /* Project object */;
			proxyType = 1;
			remoteGlobalIDString = 348ACD741C4CDE0F001659A5;
			remoteInfo = CharacterNotes;
		};
/* End PBXContainerItemProxy section */

/* Begin PBXFileReference section */
		3410BAC61C71B480000A3957 /* EditCharacterProfileVC.swift */ = {isa = PBXFileReference; fileEncoding = 4; lastKnownFileType = sourcecode.swift; path = EditCharacterProfileVC.swift; sourceTree = "<group>"; };
		341956501C51714200F1810B /* AllListsTableVC.swift */ = {isa = PBXFileReference; fileEncoding = 4; lastKnownFileType = sourcecode.swift; path = AllListsTableVC.swift; sourceTree = "<group>"; };
		341F9DD81C6C449E007226AD /* MarqueeTextView.swift */ = {isa = PBXFileReference; fileEncoding = 4; lastKnownFileType = sourcecode.swift; path = MarqueeTextView.swift; sourceTree = "<group>"; };
		343D23731C5F391E00D8AD8F /* Schema.xcdatamodel */ = {isa = PBXFileReference; lastKnownFileType = wrapper.xcdatamodel; path = Schema.xcdatamodel; sourceTree = "<group>"; };
		345997E31C4E04C30025D178 /* ListsTableDataSource.swift */ = {isa = PBXFileReference; fileEncoding = 4; lastKnownFileType = sourcecode.swift; path = ListsTableDataSource.swift; sourceTree = "<group>"; };
		345AA2121C55F46300B8E878 /* BooksTableDataSource.swift */ = {isa = PBXFileReference; fileEncoding = 4; lastKnownFileType = sourcecode.swift; path = BooksTableDataSource.swift; sourceTree = "<group>"; };
		346A77D81C7EC03B00B8028E /* SearchResultsTableVC.swift */ = {isa = PBXFileReference; fileEncoding = 4; lastKnownFileType = sourcecode.swift; path = SearchResultsTableVC.swift; sourceTree = "<group>"; };
		346ACA0A1C5315420063F071 /* BookListTableVC.swift */ = {isa = PBXFileReference; fileEncoding = 4; lastKnownFileType = sourcecode.swift; path = BookListTableVC.swift; sourceTree = "<group>"; };
		346C8B901C5FFC9900FFB8EB /* CNList+CoreDataProperties.swift */ = {isa = PBXFileReference; fileEncoding = 4; lastKnownFileType = sourcecode.swift; path = "CNList+CoreDataProperties.swift"; sourceTree = "<group>"; };
		346C8B911C5FFC9900FFB8EB /* CNList.swift */ = {isa = PBXFileReference; fileEncoding = 4; lastKnownFileType = sourcecode.swift; path = CNList.swift; sourceTree = "<group>"; };
		346C8B921C5FFC9900FFB8EB /* CNHeading+CoreDataProperties.swift */ = {isa = PBXFileReference; fileEncoding = 4; lastKnownFileType = sourcecode.swift; path = "CNHeading+CoreDataProperties.swift"; sourceTree = "<group>"; };
		346C8B931C5FFC9900FFB8EB /* CNHeading.swift */ = {isa = PBXFileReference; fileEncoding = 4; lastKnownFileType = sourcecode.swift; path = CNHeading.swift; sourceTree = "<group>"; };
		346C8B941C5FFC9900FFB8EB /* CNBook+CoreDataProperties.swift */ = {isa = PBXFileReference; fileEncoding = 4; lastKnownFileType = sourcecode.swift; path = "CNBook+CoreDataProperties.swift"; sourceTree = "<group>"; };
		346C8B951C5FFC9900FFB8EB /* CNBook.swift */ = {isa = PBXFileReference; fileEncoding = 4; lastKnownFileType = sourcecode.swift; path = CNBook.swift; sourceTree = "<group>"; };
		346C8B961C5FFC9900FFB8EB /* CNGroup+CoreDataProperties.swift */ = {isa = PBXFileReference; fileEncoding = 4; lastKnownFileType = sourcecode.swift; path = "CNGroup+CoreDataProperties.swift"; sourceTree = "<group>"; };
		346C8B971C5FFC9900FFB8EB /* CNGroup.swift */ = {isa = PBXFileReference; fileEncoding = 4; lastKnownFileType = sourcecode.swift; path = CNGroup.swift; sourceTree = "<group>"; };
		346C8B981C5FFC9900FFB8EB /* CNAuthor+CoreDataProperties.swift */ = {isa = PBXFileReference; fileEncoding = 4; lastKnownFileType = sourcecode.swift; path = "CNAuthor+CoreDataProperties.swift"; sourceTree = "<group>"; };
		346C8B991C5FFC9900FFB8EB /* CNAuthor.swift */ = {isa = PBXFileReference; fileEncoding = 4; lastKnownFileType = sourcecode.swift; path = CNAuthor.swift; sourceTree = "<group>"; };
		346C8B9A1C5FFC9900FFB8EB /* CNCharacter+CoreDataProperties.swift */ = {isa = PBXFileReference; fileEncoding = 4; lastKnownFileType = sourcecode.swift; path = "CNCharacter+CoreDataProperties.swift"; sourceTree = "<group>"; };
		346C8B9B1C5FFC9900FFB8EB /* CNCharacter.swift */ = {isa = PBXFileReference; fileEncoding = 4; lastKnownFileType = sourcecode.swift; path = CNCharacter.swift; sourceTree = "<group>"; };
		346C8B9C1C5FFC9900FFB8EB /* CNQuotation+CoreDataProperties.swift */ = {isa = PBXFileReference; fileEncoding = 4; lastKnownFileType = sourcecode.swift; path = "CNQuotation+CoreDataProperties.swift"; sourceTree = "<group>"; };
		346C8B9D1C5FFC9900FFB8EB /* CNQuotation.swift */ = {isa = PBXFileReference; fileEncoding = 4; lastKnownFileType = sourcecode.swift; path = CNQuotation.swift; sourceTree = "<group>"; };
		34777F631C76AD4000D6217B /* BookInfoVC.swift */ = {isa = PBXFileReference; fileEncoding = 4; lastKnownFileType = sourcecode.swift; path = BookInfoVC.swift; sourceTree = "<group>"; };
		347D11171C752B1E00E35289 /* CNProfile+CoreDataProperties.swift */ = {isa = PBXFileReference; fileEncoding = 4; lastKnownFileType = sourcecode.swift; path = "CNProfile+CoreDataProperties.swift"; sourceTree = "<group>"; };
		347D11181C752B1E00E35289 /* CNProfile.swift */ = {isa = PBXFileReference; fileEncoding = 4; lastKnownFileType = sourcecode.swift; path = CNProfile.swift; sourceTree = "<group>"; };
		34805E941C8909DF00FBAF39 /* BookTabBarController.swift */ = {isa = PBXFileReference; fileEncoding = 4; lastKnownFileType = sourcecode.swift; path = BookTabBarController.swift; sourceTree = "<group>"; };
		348ACD751C4CDE0F001659A5 /* CharacterNotes.app */ = {isa = PBXFileReference; explicitFileType = wrapper.application; includeInIndex = 0; path = CharacterNotes.app; sourceTree = BUILT_PRODUCTS_DIR; };
		348ACD781C4CDE0F001659A5 /* AppDelegate.swift */ = {isa = PBXFileReference; lastKnownFileType = sourcecode.swift; path = AppDelegate.swift; sourceTree = "<group>"; };
		348ACD7F1C4CDE0F001659A5 /* Base */ = {isa = PBXFileReference; lastKnownFileType = file.storyboard; name = Base; path = Base.lproj/Main.storyboard; sourceTree = "<group>"; };
		348ACD811C4CDE0F001659A5 /* Assets.xcassets */ = {isa = PBXFileReference; lastKnownFileType = folder.assetcatalog; path = Assets.xcassets; sourceTree = "<group>"; };
		348ACD841C4CDE0F001659A5 /* Base */ = {isa = PBXFileReference; lastKnownFileType = file.storyboard; name = Base; path = Base.lproj/LaunchScreen.storyboard; sourceTree = "<group>"; };
		348ACD861C4CDE0F001659A5 /* Info.plist */ = {isa = PBXFileReference; lastKnownFileType = text.plist.xml; path = Info.plist; sourceTree = "<group>"; };
		348ACD8B1C4CDE0F001659A5 /* CharacterNotesTests.xctest */ = {isa = PBXFileReference; explicitFileType = wrapper.cfbundle; includeInIndex = 0; path = CharacterNotesTests.xctest; sourceTree = BUILT_PRODUCTS_DIR; };
		348ACD8F1C4CDE0F001659A5 /* CharacterNotesTests.swift */ = {isa = PBXFileReference; lastKnownFileType = sourcecode.swift; path = CharacterNotesTests.swift; sourceTree = "<group>"; };
		348ACD911C4CDE0F001659A5 /* Info.plist */ = {isa = PBXFileReference; lastKnownFileType = text.plist.xml; path = Info.plist; sourceTree = "<group>"; };
		348ACD961C4CDE10001659A5 /* CharacterNotesUITests.xctest */ = {isa = PBXFileReference; explicitFileType = wrapper.cfbundle; includeInIndex = 0; path = CharacterNotesUITests.xctest; sourceTree = BUILT_PRODUCTS_DIR; };
		348ACD9A1C4CDE10001659A5 /* CharacterNotesUITests.swift */ = {isa = PBXFileReference; lastKnownFileType = sourcecode.swift; path = CharacterNotesUITests.swift; sourceTree = "<group>"; };
		348ACD9C1C4CDE10001659A5 /* Info.plist */ = {isa = PBXFileReference; lastKnownFileType = text.plist.xml; path = Info.plist; sourceTree = "<group>"; };
		34943C621C56DC77008717C8 /* NavController.swift */ = {isa = PBXFileReference; fileEncoding = 4; lastKnownFileType = sourcecode.swift; path = NavController.swift; sourceTree = "<group>"; };
		34979A1F1C7296310065CC75 /* SummaryInfoController.swift */ = {isa = PBXFileReference; fileEncoding = 4; lastKnownFileType = sourcecode.swift; path = SummaryInfoController.swift; sourceTree = "<group>"; };
		349AE7311C740AD700D4BCD2 /* CNLocation+CoreDataProperties.swift */ = {isa = PBXFileReference; fileEncoding = 4; lastKnownFileType = sourcecode.swift; path = "CNLocation+CoreDataProperties.swift"; sourceTree = "<group>"; };
		349AE7321C740AD700D4BCD2 /* CNLocation.swift */ = {isa = PBXFileReference; fileEncoding = 4; lastKnownFileType = sourcecode.swift; path = CNLocation.swift; sourceTree = "<group>"; };
		34AA39E51C606FCB006536AB /* ListFetchController.swift */ = {isa = PBXFileReference; fileEncoding = 4; lastKnownFileType = sourcecode.swift; path = ListFetchController.swift; sourceTree = "<group>"; };
		34AA39E71C607781006536AB /* Logger.swift */ = {isa = PBXFileReference; fileEncoding = 4; lastKnownFileType = sourcecode.swift; path = Logger.swift; sourceTree = "<group>"; };
		34BFD4F81C6C628B00F4E5F5 /* CharacterProfileTableVC.swift */ = {isa = PBXFileReference; fileEncoding = 4; lastKnownFileType = sourcecode.swift; path = CharacterProfileTableVC.swift; sourceTree = "<group>"; };
		34D466331C520FEC00432C97 /* BookFetchController.swift */ = {isa = PBXFileReference; fileEncoding = 4; lastKnownFileType = sourcecode.swift; path = BookFetchController.swift; sourceTree = "<group>"; };
		34DB60C81C7C543E005758E2 /* MapViewController.swift */ = {isa = PBXFileReference; fileEncoding = 4; lastKnownFileType = sourcecode.swift; path = MapViewController.swift; sourceTree = "<group>"; };
		34E2DF1D1C7CF647008321F0 /* MapHelper.swift */ = {isa = PBXFileReference; fileEncoding = 4; lastKnownFileType = sourcecode.swift; path = MapHelper.swift; sourceTree = "<group>"; };
		34EBCE161C6BF9AE0043BCD9 /* ProfileView.swift */ = {isa = PBXFileReference; fileEncoding = 4; lastKnownFileType = sourcecode.swift; path = ProfileView.swift; sourceTree = "<group>"; };
		34F2DCD01C7DB2F60091C3BB /* ContinentsPickerDataSource.swift */ = {isa = PBXFileReference; fileEncoding = 4; lastKnownFileType = sourcecode.swift; path = ContinentsPickerDataSource.swift; sourceTree = "<group>"; };
/* End PBXFileReference section */

/* Begin PBXFrameworksBuildPhase section */
		348ACD721C4CDE0F001659A5 /* Frameworks */ = {
			isa = PBXFrameworksBuildPhase;
			buildActionMask = 2147483647;
			files = (
			);
			runOnlyForDeploymentPostprocessing = 0;
		};
		348ACD881C4CDE0F001659A5 /* Frameworks */ = {
			isa = PBXFrameworksBuildPhase;
			buildActionMask = 2147483647;
			files = (
			);
			runOnlyForDeploymentPostprocessing = 0;
		};
		348ACD931C4CDE10001659A5 /* Frameworks */ = {
			isa = PBXFrameworksBuildPhase;
			buildActionMask = 2147483647;
			files = (
			);
			runOnlyForDeploymentPostprocessing = 0;
		};
/* End PBXFrameworksBuildPhase section */

/* Begin PBXGroup section */
		34120B161C5DDC8D00936EB9 /* DataSources */ = {
			isa = PBXGroup;
			children = (
				345997E31C4E04C30025D178 /* ListsTableDataSource.swift */,
				34F2DCD01C7DB2F60091C3BB /* ContinentsPickerDataSource.swift */,
				345AA2121C55F46300B8E878 /* BooksTableDataSource.swift */,
			);
			name = DataSources;
			sourceTree = "<group>";
		};
		34805E961C890ED800FBAF39 /* FetchControllers */ = {
			isa = PBXGroup;
			children = (
				34AA39E51C606FCB006536AB /* ListFetchController.swift */,
				34D466331C520FEC00432C97 /* BookFetchController.swift */,
			);
			name = FetchControllers;
			sourceTree = "<group>";
		};
		348ACD6C1C4CDE0F001659A5 = {
			isa = PBXGroup;
			children = (
				348ACD771C4CDE0F001659A5 /* CharacterNotes */,
				348ACD8E1C4CDE0F001659A5 /* CharacterNotesTests */,
				348ACD991C4CDE10001659A5 /* CharacterNotesUITests */,
				348ACD761C4CDE0F001659A5 /* Products */,
			);
			sourceTree = "<group>";
		};
		348ACD761C4CDE0F001659A5 /* Products */ = {
			isa = PBXGroup;
			children = (
				348ACD751C4CDE0F001659A5 /* CharacterNotes.app */,
				348ACD8B1C4CDE0F001659A5 /* CharacterNotesTests.xctest */,
				348ACD961C4CDE10001659A5 /* CharacterNotesUITests.xctest */,
			);
			name = Products;
			sourceTree = "<group>";
		};
		348ACD771C4CDE0F001659A5 /* CharacterNotes */ = {
			isa = PBXGroup;
			children = (
				348ACD811C4CDE0F001659A5 /* Assets.xcassets */,
				348ACD781C4CDE0F001659A5 /* AppDelegate.swift */,
				34AA39E71C607781006536AB /* Logger.swift */,
				348ACD7E1C4CDE0F001659A5 /* Main.storyboard */,
				343D23721C5F391E00D8AD8F /* Schema.xcdatamodeld */,
				34E2DF1D1C7CF647008321F0 /* MapHelper.swift */,
				34120B161C5DDC8D00936EB9 /* DataSources */,
				34805E961C890ED800FBAF39 /* FetchControllers */,
				348ACDBF1C4CE517001659A5 /* ViewControllers */,
				348ACDBE1C4CE4B0001659A5 /* Models */,
				34EBCE181C6BF9B90043BCD9 /* Views */,
				348ACD831C4CDE0F001659A5 /* LaunchScreen.storyboard */,
				348ACD861C4CDE0F001659A5 /* Info.plist */,
			);
			path = CharacterNotes;
			sourceTree = "<group>";
		};
		348ACD8E1C4CDE0F001659A5 /* CharacterNotesTests */ = {
			isa = PBXGroup;
			children = (
				348ACD8F1C4CDE0F001659A5 /* CharacterNotesTests.swift */,
				348ACD911C4CDE0F001659A5 /* Info.plist */,
			);
			path = CharacterNotesTests;
			sourceTree = "<group>";
		};
		348ACD991C4CDE10001659A5 /* CharacterNotesUITests */ = {
			isa = PBXGroup;
			children = (
				348ACD9A1C4CDE10001659A5 /* CharacterNotesUITests.swift */,
				348ACD9C1C4CDE10001659A5 /* Info.plist */,
			);
			path = CharacterNotesUITests;
			sourceTree = "<group>";
		};
		348ACDBE1C4CE4B0001659A5 /* Models */ = {
			isa = PBXGroup;
			children = (
				347D11171C752B1E00E35289 /* CNProfile+CoreDataProperties.swift */,
				347D11181C752B1E00E35289 /* CNProfile.swift */,
				349AE7311C740AD700D4BCD2 /* CNLocation+CoreDataProperties.swift */,
				349AE7321C740AD700D4BCD2 /* CNLocation.swift */,
				346C8B901C5FFC9900FFB8EB /* CNList+CoreDataProperties.swift */,
				346C8B911C5FFC9900FFB8EB /* CNList.swift */,
				346C8B921C5FFC9900FFB8EB /* CNHeading+CoreDataProperties.swift */,
				346C8B931C5FFC9900FFB8EB /* CNHeading.swift */,
				346C8B941C5FFC9900FFB8EB /* CNBook+CoreDataProperties.swift */,
				346C8B951C5FFC9900FFB8EB /* CNBook.swift */,
				346C8B961C5FFC9900FFB8EB /* CNGroup+CoreDataProperties.swift */,
				346C8B971C5FFC9900FFB8EB /* CNGroup.swift */,
				346C8B981C5FFC9900FFB8EB /* CNAuthor+CoreDataProperties.swift */,
				346C8B991C5FFC9900FFB8EB /* CNAuthor.swift */,
				346C8B9A1C5FFC9900FFB8EB /* CNCharacter+CoreDataProperties.swift */,
				346C8B9B1C5FFC9900FFB8EB /* CNCharacter.swift */,
				346C8B9C1C5FFC9900FFB8EB /* CNQuotation+CoreDataProperties.swift */,
				346C8B9D1C5FFC9900FFB8EB /* CNQuotation.swift */,
			);
			name = Models;
			sourceTree = "<group>";
		};
		348ACDBF1C4CE517001659A5 /* ViewControllers */ = {
			isa = PBXGroup;
			children = (
				34943C621C56DC77008717C8 /* NavController.swift */,
				341956501C51714200F1810B /* AllListsTableVC.swift */,
				346ACA0A1C5315420063F071 /* BookListTableVC.swift */,
				34805E941C8909DF00FBAF39 /* BookTabBarController.swift */,
				34777F631C76AD4000D6217B /* BookInfoVC.swift */,
				34DB60C81C7C543E005758E2 /* MapViewController.swift */,
				34BFD4F81C6C628B00F4E5F5 /* CharacterProfileTableVC.swift */,
				34979A1F1C7296310065CC75 /* SummaryInfoController.swift */,
				3410BAC61C71B480000A3957 /* EditCharacterProfileVC.swift */,
				346A77D81C7EC03B00B8028E /* SearchResultsTableVC.swift */,
			);
			name = ViewControllers;
			sourceTree = "<group>";
		};
		34EBCE181C6BF9B90043BCD9 /* Views */ = {
			isa = PBXGroup;
			children = (
				34EBCE161C6BF9AE0043BCD9 /* ProfileView.swift */,
				341F9DD81C6C449E007226AD /* MarqueeTextView.swift */,
			);
			name = Views;
			sourceTree = "<group>";
		};
/* End PBXGroup section */

/* Begin PBXNativeTarget section */
		348ACD741C4CDE0F001659A5 /* CharacterNotes */ = {
			isa = PBXNativeTarget;
			buildConfigurationList = 348ACD9F1C4CDE10001659A5 /* Build configuration list for PBXNativeTarget "CharacterNotes" */;
			buildPhases = (
				348ACD711C4CDE0F001659A5 /* Sources */,
				348ACD721C4CDE0F001659A5 /* Frameworks */,
				348ACD731C4CDE0F001659A5 /* Resources */,
			);
			buildRules = (
			);
			dependencies = (
			);
			name = CharacterNotes;
			productName = CharacterNotes;
			productReference = 348ACD751C4CDE0F001659A5 /* CharacterNotes.app */;
			productType = "com.apple.product-type.application";
		};
		348ACD8A1C4CDE0F001659A5 /* CharacterNotesTests */ = {
			isa = PBXNativeTarget;
			buildConfigurationList = 348ACDA21C4CDE10001659A5 /* Build configuration list for PBXNativeTarget "CharacterNotesTests" */;
			buildPhases = (
				348ACD871C4CDE0F001659A5 /* Sources */,
				348ACD881C4CDE0F001659A5 /* Frameworks */,
				348ACD891C4CDE0F001659A5 /* Resources */,
			);
			buildRules = (
			);
			dependencies = (
				348ACD8D1C4CDE0F001659A5 /* PBXTargetDependency */,
			);
			name = CharacterNotesTests;
			productName = CharacterNotesTests;
			productReference = 348ACD8B1C4CDE0F001659A5 /* CharacterNotesTests.xctest */;
			productType = "com.apple.product-type.bundle.unit-test";
		};
		348ACD951C4CDE10001659A5 /* CharacterNotesUITests */ = {
			isa = PBXNativeTarget;
			buildConfigurationList = 348ACDA51C4CDE10001659A5 /* Build configuration list for PBXNativeTarget "CharacterNotesUITests" */;
			buildPhases = (
				348ACD921C4CDE10001659A5 /* Sources */,
				348ACD931C4CDE10001659A5 /* Frameworks */,
				348ACD941C4CDE10001659A5 /* Resources */,
			);
			buildRules = (
			);
			dependencies = (
				348ACD981C4CDE10001659A5 /* PBXTargetDependency */,
			);
			name = CharacterNotesUITests;
			productName = CharacterNotesUITests;
			productReference = 348ACD961C4CDE10001659A5 /* CharacterNotesUITests.xctest */;
			productType = "com.apple.product-type.bundle.ui-testing";
		};
/* End PBXNativeTarget section */

/* Begin PBXProject section */
		348ACD6D1C4CDE0F001659A5 /* Project object */ = {
			isa = PBXProject;
			attributes = {
				LastSwiftUpdateCheck = 0710;
				LastUpgradeCheck = 0710;
				ORGANIZATIONNAME = KyrieKopczynski;
				TargetAttributes = {
					348ACD741C4CDE0F001659A5 = {
						CreatedOnToolsVersion = 7.1;
						DevelopmentTeam = 28NY6R2W6Z;
					};
					348ACD8A1C4CDE0F001659A5 = {
						CreatedOnToolsVersion = 7.1;
						TestTargetID = 348ACD741C4CDE0F001659A5;
					};
					348ACD951C4CDE10001659A5 = {
						CreatedOnToolsVersion = 7.1;
						TestTargetID = 348ACD741C4CDE0F001659A5;
					};
				};
			};
			buildConfigurationList = 348ACD701C4CDE0F001659A5 /* Build configuration list for PBXProject "CharacterNotes" */;
			compatibilityVersion = "Xcode 3.2";
			developmentRegion = English;
			hasScannedForEncodings = 0;
			knownRegions = (
				en,
				Base,
			);
			mainGroup = 348ACD6C1C4CDE0F001659A5;
			productRefGroup = 348ACD761C4CDE0F001659A5 /* Products */;
			projectDirPath = "";
			projectRoot = "";
			targets = (
				348ACD741C4CDE0F001659A5 /* CharacterNotes */,
				348ACD8A1C4CDE0F001659A5 /* CharacterNotesTests */,
				348ACD951C4CDE10001659A5 /* CharacterNotesUITests */,
			);
		};
/* End PBXProject section */

/* Begin PBXResourcesBuildPhase section */
		348ACD731C4CDE0F001659A5 /* Resources */ = {
			isa = PBXResourcesBuildPhase;
			buildActionMask = 2147483647;
			files = (
				348ACD851C4CDE0F001659A5 /* LaunchScreen.storyboard in Resources */,
				348ACD821C4CDE0F001659A5 /* Assets.xcassets in Resources */,
				348ACD801C4CDE0F001659A5 /* Main.storyboard in Resources */,
			);
			runOnlyForDeploymentPostprocessing = 0;
		};
		348ACD891C4CDE0F001659A5 /* Resources */ = {
			isa = PBXResourcesBuildPhase;
			buildActionMask = 2147483647;
			files = (
			);
			runOnlyForDeploymentPostprocessing = 0;
		};
		348ACD941C4CDE10001659A5 /* Resources */ = {
			isa = PBXResourcesBuildPhase;
			buildActionMask = 2147483647;
			files = (
			);
			runOnlyForDeploymentPostprocessing = 0;
		};
/* End PBXResourcesBuildPhase section */

/* Begin PBXSourcesBuildPhase section */
		348ACD711C4CDE0F001659A5 /* Sources */ = {
			isa = PBXSourcesBuildPhase;
			buildActionMask = 2147483647;
			files = (
				346C8BA31C5FFC9900FFB8EB /* CNBook.swift in Sources */,
				349AE7331C740AD700D4BCD2 /* CNLocation+CoreDataProperties.swift in Sources */,
				34AA39E61C606FCB006536AB /* ListFetchController.swift in Sources */,
				341F9DD91C6C449E007226AD /* MarqueeTextView.swift in Sources */,
				346C8BAB1C5FFC9900FFB8EB /* CNQuotation.swift in Sources */,
				346C8BA21C5FFC9900FFB8EB /* CNBook+CoreDataProperties.swift in Sources */,
				34D466341C520FEC00432C97 /* BookFetchController.swift in Sources */,
				34DB60C91C7C543E005758E2 /* MapViewController.swift in Sources */,
				346C8BA01C5FFC9900FFB8EB /* CNHeading+CoreDataProperties.swift in Sources */,
				34E2DF1E1C7CF647008321F0 /* MapHelper.swift in Sources */,
				34777F641C76AD4000D6217B /* BookInfoVC.swift in Sources */,
				347D111A1C752B1E00E35289 /* CNProfile.swift in Sources */,
				346C8B9F1C5FFC9900FFB8EB /* CNList.swift in Sources */,
				345AA2131C55F46300B8E878 /* BooksTableDataSource.swift in Sources */,
				34BFD4F91C6C628B00F4E5F5 /* CharacterProfileTableVC.swift in Sources */,
				346C8BA11C5FFC9900FFB8EB /* CNHeading.swift in Sources */,
				343D23741C5F391E00D8AD8F /* Schema.xcdatamodeld in Sources */,
				346C8BA91C5FFC9900FFB8EB /* CNCharacter.swift in Sources */,
				34EBCE171C6BF9AE0043BCD9 /* ProfileView.swift in Sources */,
				346C8BAA1C5FFC9900FFB8EB /* CNQuotation+CoreDataProperties.swift in Sources */,
				346ACA0B1C5315420063F071 /* BookListTableVC.swift in Sources */,
				346C8B9E1C5FFC9900FFB8EB /* CNList+CoreDataProperties.swift in Sources */,
				348ACD791C4CDE0F001659A5 /* AppDelegate.swift in Sources */,
				34979A201C7296310065CC75 /* SummaryInfoController.swift in Sources */,
				346C8BA51C5FFC9900FFB8EB /* CNGroup.swift in Sources */,
				3410BAC71C71B480000A3957 /* EditCharacterProfileVC.swift in Sources */,
				346A77D91C7EC03B00B8028E /* SearchResultsTableVC.swift in Sources */,
				346C8BA71C5FFC9900FFB8EB /* CNAuthor.swift in Sources */,
				346C8BA81C5FFC9900FFB8EB /* CNCharacter+CoreDataProperties.swift in Sources */,
				349AE7341C740AD700D4BCD2 /* CNLocation.swift in Sources */,
				345997E41C4E04C30025D178 /* ListsTableDataSource.swift in Sources */,
				346C8BA41C5FFC9900FFB8EB /* CNGroup+CoreDataProperties.swift in Sources */,
				347D11191C752B1E00E35289 /* CNProfile+CoreDataProperties.swift in Sources */,
				341956511C51714200F1810B /* AllListsTableVC.swift in Sources */,
				34AA39E81C607781006536AB /* Logger.swift in Sources */,
				34F2DCD11C7DB2F60091C3BB /* ContinentsPickerDataSource.swift in Sources */,
				346C8BA61C5FFC9900FFB8EB /* CNAuthor+CoreDataProperties.swift in Sources */,
				34943C631C56DC77008717C8 /* NavController.swift in Sources */,
				34805E951C8909DF00FBAF39 /* BookTabBarController.swift in Sources */,
			);
			runOnlyForDeploymentPostprocessing = 0;
		};
		348ACD871C4CDE0F001659A5 /* Sources */ = {
			isa = PBXSourcesBuildPhase;
			buildActionMask = 2147483647;
			files = (
				348ACD901C4CDE0F001659A5 /* CharacterNotesTests.swift in Sources */,
			);
			runOnlyForDeploymentPostprocessing = 0;
		};
		348ACD921C4CDE10001659A5 /* Sources */ = {
			isa = PBXSourcesBuildPhase;
			buildActionMask = 2147483647;
			files = (
				348ACD9B1C4CDE10001659A5 /* CharacterNotesUITests.swift in Sources */,
			);
			runOnlyForDeploymentPostprocessing = 0;
		};
/* End PBXSourcesBuildPhase section */

/* Begin PBXTargetDependency section */
		348ACD8D1C4CDE0F001659A5 /* PBXTargetDependency */ = {
			isa = PBXTargetDependency;
			target = 348ACD741C4CDE0F001659A5 /* CharacterNotes */;
			targetProxy = 348ACD8C1C4CDE0F001659A5 /* PBXContainerItemProxy */;
		};
		348ACD981C4CDE10001659A5 /* PBXTargetDependency */ = {
			isa = PBXTargetDependency;
			target = 348ACD741C4CDE0F001659A5 /* CharacterNotes */;
			targetProxy = 348ACD971C4CDE10001659A5 /* PBXContainerItemProxy */;
		};
/* End PBXTargetDependency section */

/* Begin PBXVariantGroup section */
		348ACD7E1C4CDE0F001659A5 /* Main.storyboard */ = {
			isa = PBXVariantGroup;
			children = (
				348ACD7F1C4CDE0F001659A5 /* Base */,
			);
			name = Main.storyboard;
			sourceTree = "<group>";
		};
		348ACD831C4CDE0F001659A5 /* LaunchScreen.storyboard */ = {
			isa = PBXVariantGroup;
			children = (
				348ACD841C4CDE0F001659A5 /* Base */,
			);
			name = LaunchScreen.storyboard;
			sourceTree = "<group>";
		};
/* End PBXVariantGroup section */

/* Begin XCBuildConfiguration section */
		348ACD9D1C4CDE10001659A5 /* Debug */ = {
			isa = XCBuildConfiguration;
			buildSettings = {
				ALWAYS_SEARCH_USER_PATHS = NO;
				CLANG_CXX_LANGUAGE_STANDARD = "gnu++0x";
				CLANG_CXX_LIBRARY = "libc++";
				CLANG_ENABLE_MODULES = YES;
				CLANG_ENABLE_OBJC_ARC = YES;
				CLANG_WARN_BOOL_CONVERSION = YES;
				CLANG_WARN_CONSTANT_CONVERSION = YES;
				CLANG_WARN_DIRECT_OBJC_ISA_USAGE = YES_ERROR;
				CLANG_WARN_EMPTY_BODY = YES;
				CLANG_WARN_ENUM_CONVERSION = YES;
				CLANG_WARN_INT_CONVERSION = YES;
				CLANG_WARN_OBJC_ROOT_CLASS = YES_ERROR;
				CLANG_WARN_UNREACHABLE_CODE = YES;
				CLANG_WARN__DUPLICATE_METHOD_MATCH = YES;
				"CODE_SIGN_IDENTITY[sdk=iphoneos*]" = "iPhone Developer";
				COPY_PHASE_STRIP = NO;
				DEBUG_INFORMATION_FORMAT = dwarf;
				ENABLE_STRICT_OBJC_MSGSEND = YES;
				ENABLE_TESTABILITY = YES;
				GCC_C_LANGUAGE_STANDARD = gnu99;
				GCC_DYNAMIC_NO_PIC = NO;
				GCC_NO_COMMON_BLOCKS = YES;
				GCC_OPTIMIZATION_LEVEL = 0;
				GCC_PREPROCESSOR_DEFINITIONS = (
					"DEBUG=1",
					"$(inherited)",
				);
				GCC_WARN_64_TO_32_BIT_CONVERSION = YES;
				GCC_WARN_ABOUT_RETURN_TYPE = YES_ERROR;
				GCC_WARN_UNDECLARED_SELECTOR = YES;
				GCC_WARN_UNINITIALIZED_AUTOS = YES_AGGRESSIVE;
				GCC_WARN_UNUSED_FUNCTION = YES;
				GCC_WARN_UNUSED_VARIABLE = YES;
				IPHONEOS_DEPLOYMENT_TARGET = 9.1;
				MTL_ENABLE_DEBUG_INFO = YES;
				ONLY_ACTIVE_ARCH = YES;
				SDKROOT = iphoneos;
				SWIFT_OPTIMIZATION_LEVEL = "-Onone";
				TARGETED_DEVICE_FAMILY = "1,2";
			};
			name = Debug;
		};
		348ACD9E1C4CDE10001659A5 /* Release */ = {
			isa = XCBuildConfiguration;
			buildSettings = {
				ALWAYS_SEARCH_USER_PATHS = NO;
				CLANG_CXX_LANGUAGE_STANDARD = "gnu++0x";
				CLANG_CXX_LIBRARY = "libc++";
				CLANG_ENABLE_MODULES = YES;
				CLANG_ENABLE_OBJC_ARC = YES;
				CLANG_WARN_BOOL_CONVERSION = YES;
				CLANG_WARN_CONSTANT_CONVERSION = YES;
				CLANG_WARN_DIRECT_OBJC_ISA_USAGE = YES_ERROR;
				CLANG_WARN_EMPTY_BODY = YES;
				CLANG_WARN_ENUM_CONVERSION = YES;
				CLANG_WARN_INT_CONVERSION = YES;
				CLANG_WARN_OBJC_ROOT_CLASS = YES_ERROR;
				CLANG_WARN_UNREACHABLE_CODE = YES;
				CLANG_WARN__DUPLICATE_METHOD_MATCH = YES;
				"CODE_SIGN_IDENTITY[sdk=iphoneos*]" = "iPhone Developer";
				COPY_PHASE_STRIP = NO;
				DEBUG_INFORMATION_FORMAT = "dwarf-with-dsym";
				ENABLE_NS_ASSERTIONS = NO;
				ENABLE_STRICT_OBJC_MSGSEND = YES;
				GCC_C_LANGUAGE_STANDARD = gnu99;
				GCC_NO_COMMON_BLOCKS = YES;
				GCC_WARN_64_TO_32_BIT_CONVERSION = YES;
				GCC_WARN_ABOUT_RETURN_TYPE = YES_ERROR;
				GCC_WARN_UNDECLARED_SELECTOR = YES;
				GCC_WARN_UNINITIALIZED_AUTOS = YES_AGGRESSIVE;
				GCC_WARN_UNUSED_FUNCTION = YES;
				GCC_WARN_UNUSED_VARIABLE = YES;
				IPHONEOS_DEPLOYMENT_TARGET = 9.1;
				MTL_ENABLE_DEBUG_INFO = NO;
				SDKROOT = iphoneos;
				TARGETED_DEVICE_FAMILY = "1,2";
				VALIDATE_PRODUCT = YES;
			};
			name = Release;
		};
		348ACDA01C4CDE10001659A5 /* Debug */ = {
			isa = XCBuildConfiguration;
			buildSettings = {
				ASSETCATALOG_COMPILER_APPICON_NAME = AppIcon;
				CODE_SIGN_IDENTITY = "iPhone Developer";
				INFOPLIST_FILE = CharacterNotes/Info.plist;
				LD_RUNPATH_SEARCH_PATHS = "$(inherited) @executable_path/Frameworks";
				PRODUCT_BUNDLE_IDENTIFIER = kakop.CharacterNotes;
				PRODUCT_NAME = "$(TARGET_NAME)";
			};
			name = Debug;
		};
		348ACDA11C4CDE10001659A5 /* Release */ = {
			isa = XCBuildConfiguration;
			buildSettings = {
				ASSETCATALOG_COMPILER_APPICON_NAME = AppIcon;
				CODE_SIGN_IDENTITY = "iPhone Developer";
				INFOPLIST_FILE = CharacterNotes/Info.plist;
				LD_RUNPATH_SEARCH_PATHS = "$(inherited) @executable_path/Frameworks";
				PRODUCT_BUNDLE_IDENTIFIER = kakop.CharacterNotes;
				PRODUCT_NAME = "$(TARGET_NAME)";
			};
			name = Release;
		};
		348ACDA31C4CDE10001659A5 /* Debug */ = {
			isa = XCBuildConfiguration;
			buildSettings = {
				BUNDLE_LOADER = "$(TEST_HOST)";
				INFOPLIST_FILE = CharacterNotesTests/Info.plist;
				LD_RUNPATH_SEARCH_PATHS = "$(inherited) @executable_path/Frameworks @loader_path/Frameworks";
				PRODUCT_BUNDLE_IDENTIFIER = kakop.CharacterNotesTests;
				PRODUCT_NAME = "$(TARGET_NAME)";
				TEST_HOST = "$(BUILT_PRODUCTS_DIR)/CharacterNotes.app/CharacterNotes";
			};
			name = Debug;
		};
		348ACDA41C4CDE10001659A5 /* Release */ = {
			isa = XCBuildConfiguration;
			buildSettings = {
				BUNDLE_LOADER = "$(TEST_HOST)";
				INFOPLIST_FILE = CharacterNotesTests/Info.plist;
				LD_RUNPATH_SEARCH_PATHS = "$(inherited) @executable_path/Frameworks @loader_path/Frameworks";
				PRODUCT_BUNDLE_IDENTIFIER = kakop.CharacterNotesTests;
				PRODUCT_NAME = "$(TARGET_NAME)";
				TEST_HOST = "$(BUILT_PRODUCTS_DIR)/CharacterNotes.app/CharacterNotes";
			};
			name = Release;
		};
		348ACDA61C4CDE10001659A5 /* Debug */ = {
			isa = XCBuildConfiguration;
			buildSettings = {
				INFOPLIST_FILE = CharacterNotesUITests/Info.plist;
				LD_RUNPATH_SEARCH_PATHS = "$(inherited) @executable_path/Frameworks @loader_path/Frameworks";
				PRODUCT_BUNDLE_IDENTIFIER = kakop.CharacterNotesUITests;
				PRODUCT_NAME = "$(TARGET_NAME)";
				TEST_TARGET_NAME = CharacterNotes;
				USES_XCTRUNNER = YES;
			};
			name = Debug;
		};
		348ACDA71C4CDE10001659A5 /* Release */ = {
			isa = XCBuildConfiguration;
			buildSettings = {
				INFOPLIST_FILE = CharacterNotesUITests/Info.plist;
				LD_RUNPATH_SEARCH_PATHS = "$(inherited) @executable_path/Frameworks @loader_path/Frameworks";
				PRODUCT_BUNDLE_IDENTIFIER = kakop.CharacterNotesUITests;
				PRODUCT_NAME = "$(TARGET_NAME)";
				TEST_TARGET_NAME = CharacterNotes;
				USES_XCTRUNNER = YES;
			};
			name = Release;
		};
/* End XCBuildConfiguration section */

/* Begin XCConfigurationList section */
		348ACD701C4CDE0F001659A5 /* Build configuration list for PBXProject "CharacterNotes" */ = {
			isa = XCConfigurationList;
			buildConfigurations = (
				348ACD9D1C4CDE10001659A5 /* Debug */,
				348ACD9E1C4CDE10001659A5 /* Release */,
			);
			defaultConfigurationIsVisible = 0;
			defaultConfigurationName = Release;
		};
		348ACD9F1C4CDE10001659A5 /* Build configuration list for PBXNativeTarget "CharacterNotes" */ = {
			isa = XCConfigurationList;
			buildConfigurations = (
				348ACDA01C4CDE10001659A5 /* Debug */,
				348ACDA11C4CDE10001659A5 /* Release */,
			);
			defaultConfigurationIsVisible = 0;
			defaultConfigurationName = Release;
		};
		348ACDA21C4CDE10001659A5 /* Build configuration list for PBXNativeTarget "CharacterNotesTests" */ = {
			isa = XCConfigurationList;
			buildConfigurations = (
				348ACDA31C4CDE10001659A5 /* Debug */,
				348ACDA41C4CDE10001659A5 /* Release */,
			);
			defaultConfigurationIsVisible = 0;
			defaultConfigurationName = Release;
		};
		348ACDA51C4CDE10001659A5 /* Build configuration list for PBXNativeTarget "CharacterNotesUITests" */ = {
			isa = XCConfigurationList;
			buildConfigurations = (
				348ACDA61C4CDE10001659A5 /* Debug */,
				348ACDA71C4CDE10001659A5 /* Release */,
			);
			defaultConfigurationIsVisible = 0;
			defaultConfigurationName = Release;
		};
/* End XCConfigurationList section */

/* Begin XCVersionGroup section */
		343D23721C5F391E00D8AD8F /* Schema.xcdatamodeld */ = {
			isa = XCVersionGroup;
			children = (
				343D23731C5F391E00D8AD8F /* Schema.xcdatamodel */,
			);
			currentVersion = 343D23731C5F391E00D8AD8F /* Schema.xcdatamodel */;
			path = Schema.xcdatamodeld;
			sourceTree = "<group>";
			versionGroupType = wrapper.xcdatamodel;
		};
/* End XCVersionGroup section */
	};
	rootObject = 348ACD6D1C4CDE0F001659A5 /* Project object */;
}
